
Microsoft Visual Studio Solution File, Format Version 12.00
# Visual Studio Version 16
VisualStudioVersion = 16.0.30114.105
MinimumVisualStudioVersion = 10.0.40219.1
Project("{2150E333-8FDC-42A3-9474-1A3956D46DE8}") = "src", "src", "{ACFABCAC-FB88-4977-8C69-A480704B0878}"
EndProject
Project("{2150E333-8FDC-42A3-9474-1A3956D46DE8}") = "04-Presentations", "04-Presentations", "{57E7F81F-F1FC-4007-83F2-C7141FBBB1EC}"
EndProject
Project("{FAE04EC0-301F-11D3-BF4B-00C04F79EFBC}") = "WinkelTicket.UI", "src\04-Presentations\WinkelTicket.UI\WinkelTicket.UI.csproj", "{98A36298-7347-4412-A132-84C418938843}"
EndProject
Project("{2150E333-8FDC-42A3-9474-1A3956D46DE8}") = "03-Services", "03-Services", "{763C472A-DCBE-42B5-990F-4F5202517098}"
EndProject
Project("{FAE04EC0-301F-11D3-BF4B-00C04F79EFBC}") = "WinkelTicket.Services", "src\03-Services\WinkelTicket.Services\WinkelTicket.Services.csproj", "{C2D6B71E-8F8A-451C-9F57-703593F62FEE}"
EndProject
Project("{2150E333-8FDC-42A3-9474-1A3956D46DE8}") = "02-Repositories", "02-Repositories", "{737CB0F5-DF10-4A93-8743-F875D57F242D}"
EndProject
Project("{FAE04EC0-301F-11D3-BF4B-00C04F79EFBC}") = "WinkelTicket.Database", "src\02-Repositories\WinkelTicket.Database\WinkelTicket.Database.csproj", "{0F4FF41D-8ED9-4252-9EBE-92AE2859A441}"
EndProject
Project("{2150E333-8FDC-42A3-9474-1A3956D46DE8}") = "01-Core", "01-Core", "{2BE18204-9F3E-43E1-B6A1-8F19F8594755}"
EndProject
Project("{FAE04EC0-301F-11D3-BF4B-00C04F79EFBC}") = "WinkelTicket.Core", "src\01-Core\WinkelTicket.Core\WinkelTicket.Core.csproj", "{8E699E15-4472-475F-9B41-5B832446300B}"
EndProject
Project("{FAE04EC0-301F-11D3-BF4B-00C04F79EFBC}") = "WinkelTicket.Contract", "src\01-Core\WinkelTicket.Contract\WinkelTicket.Contract.csproj", "{172D41F8-166F-4091-B07E-55A0CEABEFD7}"
EndProject
Project("{FAE04EC0-301F-11D3-BF4B-00C04F79EFBC}") = "WinkelTicket.Enumeration", "src\01-Core\WinkelTicket.Enumeration\WinkelTicket.Enumeration.csproj", "{77027E3F-455A-4638-9022-BB4DBCDE2B12}"
EndProject
Global
	GlobalSection(SolutionConfigurationPlatforms) = preSolution
		Debug|Any CPU = Debug|Any CPU
		Release|Any CPU = Release|Any CPU
	EndGlobalSection
	GlobalSection(SolutionProperties) = preSolution
		HideSolutionNode = FALSE
	EndGlobalSection
	GlobalSection(ProjectConfigurationPlatforms) = postSolution
		{98A36298-7347-4412-A132-84C418938843}.Debug|Any CPU.ActiveCfg = Debug|Any CPU
		{98A36298-7347-4412-A132-84C418938843}.Debug|Any CPU.Build.0 = Debug|Any CPU
		{98A36298-7347-4412-A132-84C418938843}.Release|Any CPU.ActiveCfg = Release|Any CPU
		{98A36298-7347-4412-A132-84C418938843}.Release|Any CPU.Build.0 = Release|Any CPU
		{C2D6B71E-8F8A-451C-9F57-703593F62FEE}.Debug|Any CPU.ActiveCfg = Debug|Any CPU
		{C2D6B71E-8F8A-451C-9F57-703593F62FEE}.Debug|Any CPU.Build.0 = Debug|Any CPU
		{C2D6B71E-8F8A-451C-9F57-703593F62FEE}.Release|Any CPU.ActiveCfg = Release|Any CPU
		{C2D6B71E-8F8A-451C-9F57-703593F62FEE}.Release|Any CPU.Build.0 = Release|Any CPU
		{0F4FF41D-8ED9-4252-9EBE-92AE2859A441}.Debug|Any CPU.ActiveCfg = Debug|Any CPU
		{0F4FF41D-8ED9-4252-9EBE-92AE2859A441}.Debug|Any CPU.Build.0 = Debug|Any CPU
		{0F4FF41D-8ED9-4252-9EBE-92AE2859A441}.Release|Any CPU.ActiveCfg = Release|Any CPU
		{0F4FF41D-8ED9-4252-9EBE-92AE2859A441}.Release|Any CPU.Build.0 = Release|Any CPU
		{8E699E15-4472-475F-9B41-5B832446300B}.Debug|Any CPU.ActiveCfg = Debug|Any CPU
		{8E699E15-4472-475F-9B41-5B832446300B}.Debug|Any CPU.Build.0 = Debug|Any CPU
		{8E699E15-4472-475F-9B41-5B832446300B}.Release|Any CPU.ActiveCfg = Release|Any CPU
		{8E699E15-4472-475F-9B41-5B832446300B}.Release|Any CPU.Build.0 = Release|Any CPU
		{172D41F8-166F-4091-B07E-55A0CEABEFD7}.Debug|Any CPU.ActiveCfg = Debug|Any CPU
		{172D41F8-166F-4091-B07E-55A0CEABEFD7}.Debug|Any CPU.Build.0 = Debug|Any CPU
		{172D41F8-166F-4091-B07E-55A0CEABEFD7}.Release|Any CPU.ActiveCfg = Release|Any CPU
		{172D41F8-166F-4091-B07E-55A0CEABEFD7}.Release|Any CPU.Build.0 = Release|Any CPU
		{77027E3F-455A-4638-9022-BB4DBCDE2B12}.Debug|Any CPU.ActiveCfg = Debug|Any CPU
		{77027E3F-455A-4638-9022-BB4DBCDE2B12}.Debug|Any CPU.Build.0 = Debug|Any CPU
		{77027E3F-455A-4638-9022-BB4DBCDE2B12}.Release|Any CPU.ActiveCfg = Release|Any CPU
		{77027E3F-455A-4638-9022-BB4DBCDE2B12}.Release|Any CPU.Build.0 = Release|Any CPU
	EndGlobalSection
	GlobalSection(NestedProjects) = preSolution
		{57E7F81F-F1FC-4007-83F2-C7141FBBB1EC} = {ACFABCAC-FB88-4977-8C69-A480704B0878}
		{98A36298-7347-4412-A132-84C418938843} = {57E7F81F-F1FC-4007-83F2-C7141FBBB1EC}
		{763C472A-DCBE-42B5-990F-4F5202517098} = {ACFABCAC-FB88-4977-8C69-A480704B0878}
		{C2D6B71E-8F8A-451C-9F57-703593F62FEE} = {763C472A-DCBE-42B5-990F-4F5202517098}
		{737CB0F5-DF10-4A93-8743-F875D57F242D} = {ACFABCAC-FB88-4977-8C69-A480704B0878}
		{0F4FF41D-8ED9-4252-9EBE-92AE2859A441} = {737CB0F5-DF10-4A93-8743-F875D57F242D}
		{2BE18204-9F3E-43E1-B6A1-8F19F8594755} = {ACFABCAC-FB88-4977-8C69-A480704B0878}
		{8E699E15-4472-475F-9B41-5B832446300B} = {2BE18204-9F3E-43E1-B6A1-8F19F8594755}
		{172D41F8-166F-4091-B07E-55A0CEABEFD7} = {2BE18204-9F3E-43E1-B6A1-8F19F8594755}
		{77027E3F-455A-4638-9022-BB4DBCDE2B12} = {2BE18204-9F3E-43E1-B6A1-8F19F8594755}
	EndGlobalSection
EndGlobal
